// !$*UTF8*$!
{
	archiveVersion = 1;
	classes = {
	};
	objectVersion = 46;
	objects = {

/* Begin PBXBuildFile section */
		CE12F2CE17883A46004AEC4F /* map.png in Resources */ = {isa = PBXBuildFile; fileRef = CE12F2CD17883A46004AEC4F /* map.png */; };
		CE12F2D117883BEC004AEC4F /* 055759_2012-07-20_09-40_.csv in Resources */ = {isa = PBXBuildFile; fileRef = CE12F2D017883BEC004AEC4F /* 055759_2012-07-20_09-40_.csv */; };
		CE12F2E0178870BA004AEC4F /* Street.m in Sources */ = {isa = PBXBuildFile; fileRef = CE12F2DF178870BA004AEC4F /* Street.m */; };
		CE5717911785A85100F6C592 /* UIKit.framework in Frameworks */ = {isa = PBXBuildFile; fileRef = CE5717901785A85100F6C592 /* UIKit.framework */; };
		CE5717931785A85100F6C592 /* Foundation.framework in Frameworks */ = {isa = PBXBuildFile; fileRef = CE5717921785A85100F6C592 /* Foundation.framework */; };
		CE5717951785A85100F6C592 /* CoreGraphics.framework in Frameworks */ = {isa = PBXBuildFile; fileRef = CE5717941785A85100F6C592 /* CoreGraphics.framework */; };
		CE5717971785A85100F6C592 /* CoreData.framework in Frameworks */ = {isa = PBXBuildFile; fileRef = CE5717961785A85100F6C592 /* CoreData.framework */; };
		CE57179D1785A85100F6C592 /* InfoPlist.strings in Resources */ = {isa = PBXBuildFile; fileRef = CE57179B1785A85100F6C592 /* InfoPlist.strings */; };
		CE57179F1785A85100F6C592 /* main.m in Sources */ = {isa = PBXBuildFile; fileRef = CE57179E1785A85100F6C592 /* main.m */; };
		CE5717A31785A85100F6C592 /* AppDelegate.m in Sources */ = {isa = PBXBuildFile; fileRef = CE5717A21785A85100F6C592 /* AppDelegate.m */; };
		CE5717A51785A85100F6C592 /* Default.png in Resources */ = {isa = PBXBuildFile; fileRef = CE5717A41785A85100F6C592 /* Default.png */; };
		CE5717A71785A85100F6C592 /* Default@2x.png in Resources */ = {isa = PBXBuildFile; fileRef = CE5717A61785A85100F6C592 /* Default@2x.png */; };
		CE5717A91785A85100F6C592 /* Default-568h@2x.png in Resources */ = {isa = PBXBuildFile; fileRef = CE5717A81785A85100F6C592 /* Default-568h@2x.png */; };
		CE5717AC1785A85100F6C592 /* DVDMapToolFinal.xcdatamodeld in Sources */ = {isa = PBXBuildFile; fileRef = CE5717AA1785A85100F6C592 /* DVDMapToolFinal.xcdatamodeld */; };
		CE5717B91785A9D100F6C592 /* MainStoryboard.storyboard in Resources */ = {isa = PBXBuildFile; fileRef = CE5717B71785A9D100F6C592 /* MainStoryboard.storyboard */; };
		CE5717C01785AA5700F6C592 /* StartViewController.m in Sources */ = {isa = PBXBuildFile; fileRef = CE5717BF1785AA5700F6C592 /* StartViewController.m */; };
		CED1EAFD1787329B00A9A7AF /* MapStoryboard_iPhone.storyboard in Resources */ = {isa = PBXBuildFile; fileRef = CED1EAFC1787329B00A9A7AF /* MapStoryboard_iPhone.storyboard */; };
		CED1EB01178732C900A9A7AF /* AreaOfMapViewController.m in Sources */ = {isa = PBXBuildFile; fileRef = CED1EB00178732C900A9A7AF /* AreaOfMapViewController.m */; };
		CED1EB071787341C00A9A7AF /* 055759_2012-07-20_09-40_.png in Resources */ = {isa = PBXBuildFile; fileRef = CED1EB061787341C00A9A7AF /* 055759_2012-07-20_09-40_.png */; };
		CED1EB091787349800A9A7AF /* MapStoryboard_iPad.storyboard in Resources */ = {isa = PBXBuildFile; fileRef = CED1EB081787349800A9A7AF /* MapStoryboard_iPad.storyboard */; };
		CED1EB2D178750FE00A9A7AF /* CustomCell.m in Sources */ = {isa = PBXBuildFile; fileRef = CED1EB2B178750FE00A9A7AF /* CustomCell.m */; };
		CED1EB2E178750FE00A9A7AF /* CustomCell.xib in Resources */ = {isa = PBXBuildFile; fileRef = CED1EB2C178750FE00A9A7AF /* CustomCell.xib */; };
/* End PBXBuildFile section */

/* Begin PBXFileReference section */
		CE12F2CD17883A46004AEC4F /* map.png */ = {isa = PBXFileReference; lastKnownFileType = image.png; path = map.png; sourceTree = "<group>"; };
		CE12F2D017883BEC004AEC4F /* 055759_2012-07-20_09-40_.csv */ = {isa = PBXFileReference; fileEncoding = 4; lastKnownFileType = text; path = "055759_2012-07-20_09-40_.csv"; sourceTree = "<group>"; };
		CE12F2DE178870BA004AEC4F /* Street.h */ = {isa = PBXFileReference; fileEncoding = 4; lastKnownFileType = sourcecode.c.h; path = Street.h; sourceTree = "<group>"; };
		CE12F2DF178870BA004AEC4F /* Street.m */ = {isa = PBXFileReference; fileEncoding = 4; lastKnownFileType = sourcecode.c.objc; path = Street.m; sourceTree = "<group>"; };
		CE57178C1785A85000F6C592 /* DVDMapToolFinal.app */ = {isa = PBXFileReference; explicitFileType = wrapper.application; includeInIndex = 0; path = DVDMapToolFinal.app; sourceTree = BUILT_PRODUCTS_DIR; };
		CE5717901785A85100F6C592 /* UIKit.framework */ = {isa = PBXFileReference; lastKnownFileType = wrapper.framework; name = UIKit.framework; path = System/Library/Frameworks/UIKit.framework; sourceTree = SDKROOT; };
		CE5717921785A85100F6C592 /* Foundation.framework */ = {isa = PBXFileReference; lastKnownFileType = wrapper.framework; name = Foundation.framework; path = System/Library/Frameworks/Foundation.framework; sourceTree = SDKROOT; };
		CE5717941785A85100F6C592 /* CoreGraphics.framework */ = {isa = PBXFileReference; lastKnownFileType = wrapper.framework; name = CoreGraphics.framework; path = System/Library/Frameworks/CoreGraphics.framework; sourceTree = SDKROOT; };
		CE5717961785A85100F6C592 /* CoreData.framework */ = {isa = PBXFileReference; lastKnownFileType = wrapper.framework; name = CoreData.framework; path = System/Library/Frameworks/CoreData.framework; sourceTree = SDKROOT; };
		CE57179A1785A85100F6C592 /* DVDMapToolFinal-Info.plist */ = {isa = PBXFileReference; lastKnownFileType = text.plist.xml; path = "DVDMapToolFinal-Info.plist"; sourceTree = "<group>"; };
		CE57179C1785A85100F6C592 /* en */ = {isa = PBXFileReference; lastKnownFileType = text.plist.strings; name = en; path = en.lproj/InfoPlist.strings; sourceTree = "<group>"; };
		CE57179E1785A85100F6C592 /* main.m */ = {isa = PBXFileReference; lastKnownFileType = sourcecode.c.objc; path = main.m; sourceTree = "<group>"; };
		CE5717A01785A85100F6C592 /* DVDMapToolFinal-Prefix.pch */ = {isa = PBXFileReference; lastKnownFileType = sourcecode.c.h; path = "DVDMapToolFinal-Prefix.pch"; sourceTree = "<group>"; };
		CE5717A11785A85100F6C592 /* AppDelegate.h */ = {isa = PBXFileReference; lastKnownFileType = sourcecode.c.h; path = AppDelegate.h; sourceTree = "<group>"; };
		CE5717A21785A85100F6C592 /* AppDelegate.m */ = {isa = PBXFileReference; lastKnownFileType = sourcecode.c.objc; path = AppDelegate.m; sourceTree = "<group>"; };
		CE5717A41785A85100F6C592 /* Default.png */ = {isa = PBXFileReference; lastKnownFileType = image.png; path = Default.png; sourceTree = "<group>"; };
		CE5717A61785A85100F6C592 /* Default@2x.png */ = {isa = PBXFileReference; lastKnownFileType = image.png; path = "Default@2x.png"; sourceTree = "<group>"; };
		CE5717A81785A85100F6C592 /* Default-568h@2x.png */ = {isa = PBXFileReference; lastKnownFileType = image.png; path = "Default-568h@2x.png"; sourceTree = "<group>"; };
		CE5717AB1785A85100F6C592 /* DVDMapToolFinal.xcdatamodel */ = {isa = PBXFileReference; lastKnownFileType = wrapper.xcdatamodel; path = DVDMapToolFinal.xcdatamodel; sourceTree = "<group>"; };
		CE5717B71785A9D100F6C592 /* MainStoryboard.storyboard */ = {isa = PBXFileReference; fileEncoding = 4; lastKnownFileType = file.storyboard; path = MainStoryboard.storyboard; sourceTree = "<group>"; };
		CE5717BE1785AA5700F6C592 /* StartViewController.h */ = {isa = PBXFileReference; fileEncoding = 4; lastKnownFileType = sourcecode.c.h; name = StartViewController.h; path = ../StartViewController.h; sourceTree = "<group>"; };
		CE5717BF1785AA5700F6C592 /* StartViewController.m */ = {isa = PBXFileReference; fileEncoding = 4; lastKnownFileType = sourcecode.c.objc; name = StartViewController.m; path = ../StartViewController.m; sourceTree = "<group>"; };
		CE58250517875F6900FE575B /* DVDMapToolFinal.entitlements */ = {isa = PBXFileReference; lastKnownFileType = text.xml; path = DVDMapToolFinal.entitlements; sourceTree = "<group>"; };
		CED1EAFC1787329B00A9A7AF /* MapStoryboard_iPhone.storyboard */ = {isa = PBXFileReference; fileEncoding = 4; lastKnownFileType = file.storyboard; path = MapStoryboard_iPhone.storyboard; sourceTree = "<group>"; };
		CED1EAFF178732C900A9A7AF /* AreaOfMapViewController.h */ = {isa = PBXFileReference; fileEncoding = 4; lastKnownFileType = sourcecode.c.h; path = AreaOfMapViewController.h; sourceTree = "<group>"; };
		CED1EB00178732C900A9A7AF /* AreaOfMapViewController.m */ = {isa = PBXFileReference; fileEncoding = 4; lastKnownFileType = sourcecode.c.objc; path = AreaOfMapViewController.m; sourceTree = "<group>"; };
		CED1EB061787341C00A9A7AF /* 055759_2012-07-20_09-40_.png */ = {isa = PBXFileReference; lastKnownFileType = image.png; path = "055759_2012-07-20_09-40_.png"; sourceTree = "<group>"; };
		CED1EB081787349800A9A7AF /* MapStoryboard_iPad.storyboard */ = {isa = PBXFileReference; fileEncoding = 4; lastKnownFileType = file.storyboard; path = MapStoryboard_iPad.storyboard; sourceTree = "<group>"; };
		CED1EB2A178750FE00A9A7AF /* CustomCell.h */ = {isa = PBXFileReference; fileEncoding = 4; lastKnownFileType = sourcecode.c.h; path = CustomCell.h; sourceTree = "<group>"; };
		CED1EB2B178750FE00A9A7AF /* CustomCell.m */ = {isa = PBXFileReference; fileEncoding = 4; lastKnownFileType = sourcecode.c.objc; path = CustomCell.m; sourceTree = "<group>"; };
		CED1EB2C178750FE00A9A7AF /* CustomCell.xib */ = {isa = PBXFileReference; fileEncoding = 4; lastKnownFileType = file.xib; path = CustomCell.xib; sourceTree = "<group>"; };
/* End PBXFileReference section */

/* Begin PBXFrameworksBuildPhase section */
		CE5717891785A85000F6C592 /* Frameworks */ = {
			isa = PBXFrameworksBuildPhase;
			buildActionMask = 2147483647;
			files = (
				CE5717911785A85100F6C592 /* UIKit.framework in Frameworks */,
				CE5717931785A85100F6C592 /* Foundation.framework in Frameworks */,
				CE5717951785A85100F6C592 /* CoreGraphics.framework in Frameworks */,
				CE5717971785A85100F6C592 /* CoreData.framework in Frameworks */,
			);
			runOnlyForDeploymentPostprocessing = 0;
		};
/* End PBXFrameworksBuildPhase section */

/* Begin PBXGroup section */
		CE5717811785A85000F6C592 = {
			isa = PBXGroup;
			children = (
				CED1EB061787341C00A9A7AF /* 055759_2012-07-20_09-40_.png */,
				CE12F2CD17883A46004AEC4F /* map.png */,
				CE12F2D017883BEC004AEC4F /* 055759_2012-07-20_09-40_.csv */,
				CE5717981785A85100F6C592 /* DVDMapToolFinal */,
				CE57178F1785A85100F6C592 /* Frameworks */,
				CE57178D1785A85000F6C592 /* Products */,
			);
			sourceTree = "<group>";
		};
		CE57178D1785A85000F6C592 /* Products */ = {
			isa = PBXGroup;
			children = (
				CE57178C1785A85000F6C592 /* DVDMapToolFinal.app */,
			);
			name = Products;
			sourceTree = "<group>";
		};
		CE57178F1785A85100F6C592 /* Frameworks */ = {
			isa = PBXGroup;
			children = (
				CE5717901785A85100F6C592 /* UIKit.framework */,
				CE5717921785A85100F6C592 /* Foundation.framework */,
				CE5717941785A85100F6C592 /* CoreGraphics.framework */,
				CE5717961785A85100F6C592 /* CoreData.framework */,
			);
			name = Frameworks;
			sourceTree = "<group>";
		};
		CE5717981785A85100F6C592 /* DVDMapToolFinal */ = {
			isa = PBXGroup;
			children = (
				CE58250517875F6900FE575B /* DVDMapToolFinal.entitlements */,
				CED1EB171787389700A9A7AF /* Custom Cell Class */,
				CED1EB05178733A000A9A7AF /* Area Of Map View Controller Class */,
				CED1EB041787339600A9A7AF /* Start View Controller Class */,
				CED1EB031787338200A9A7AF /* Storyboards */,
				CED1EB021787337400A9A7AF /* Core Data */,
				CE5717A11785A85100F6C592 /* AppDelegate.h */,
				CE5717A21785A85100F6C592 /* AppDelegate.m */,
				CE5717991785A85100F6C592 /* Supporting Files */,
			);
			path = DVDMapToolFinal;
			sourceTree = "<group>";
		};
		CE5717991785A85100F6C592 /* Supporting Files */ = {
			isa = PBXGroup;
			children = (
				CE57179A1785A85100F6C592 /* DVDMapToolFinal-Info.plist */,
				CE57179B1785A85100F6C592 /* InfoPlist.strings */,
				CE57179E1785A85100F6C592 /* main.m */,
				CE5717A01785A85100F6C592 /* DVDMapToolFinal-Prefix.pch */,
				CE5717A41785A85100F6C592 /* Default.png */,
				CE5717A61785A85100F6C592 /* Default@2x.png */,
				CE5717A81785A85100F6C592 /* Default-568h@2x.png */,
			);
			name = "Supporting Files";
			sourceTree = "<group>";
		};
		CED1EB021787337400A9A7AF /* Core Data */ = {
			isa = PBXGroup;
			children = (
				CE5717AA1785A85100F6C592 /* DVDMapToolFinal.xcdatamodeld */,
				CE12F2DE178870BA004AEC4F /* Street.h */,
				CE12F2DF178870BA004AEC4F /* Street.m */,
			);
			name = "Core Data";
			sourceTree = "<group>";
		};
		CED1EB031787338200A9A7AF /* Storyboards */ = {
			isa = PBXGroup;
			children = (
				CED1EB081787349800A9A7AF /* MapStoryboard_iPad.storyboard */,
				CED1EAFC1787329B00A9A7AF /* MapStoryboard_iPhone.storyboard */,
				CE5717B71785A9D100F6C592 /* MainStoryboard.storyboard */,
			);
			name = Storyboards;
			sourceTree = "<group>";
		};
		CED1EB041787339600A9A7AF /* Start View Controller Class */ = {
			isa = PBXGroup;
			children = (
				CE5717BE1785AA5700F6C592 /* StartViewController.h */,
				CE5717BF1785AA5700F6C592 /* StartViewController.m */,
			);
			name = "Start View Controller Class";
			sourceTree = "<group>";
		};
		CED1EB05178733A000A9A7AF /* Area Of Map View Controller Class */ = {
			isa = PBXGroup;
			children = (
				CED1EAFF178732C900A9A7AF /* AreaOfMapViewController.h */,
				CED1EB00178732C900A9A7AF /* AreaOfMapViewController.m */,
			);
			name = "Area Of Map View Controller Class";
			sourceTree = "<group>";
		};
		CED1EB171787389700A9A7AF /* Custom Cell Class */ = {
			isa = PBXGroup;
			children = (
				CED1EB2A178750FE00A9A7AF /* CustomCell.h */,
				CED1EB2B178750FE00A9A7AF /* CustomCell.m */,
				CED1EB2C178750FE00A9A7AF /* CustomCell.xib */,
			);
			name = "Custom Cell Class";
			sourceTree = "<group>";
		};
/* End PBXGroup section */

/* Begin PBXNativeTarget section */
		CE57178B1785A85000F6C592 /* DVDMapToolFinal */ = {
			isa = PBXNativeTarget;
			buildConfigurationList = CE5717AF1785A85100F6C592 /* Build configuration list for PBXNativeTarget "DVDMapToolFinal" */;
			buildPhases = (
				CE5717881785A85000F6C592 /* Sources */,
				CE5717891785A85000F6C592 /* Frameworks */,
				CE57178A1785A85000F6C592 /* Resources */,
			);
			buildRules = (
			);
			dependencies = (
			);
			name = DVDMapToolFinal;
			productName = DVDMapToolFinal;
			productReference = CE57178C1785A85000F6C592 /* DVDMapToolFinal.app */;
			productType = "com.apple.product-type.application";
		};
/* End PBXNativeTarget section */

/* Begin PBXProject section */
		CE5717831785A85000F6C592 /* Project object */ = {
			isa = PBXProject;
			attributes = {
				LastUpgradeCheck = 0450;
				ORGANIZATIONNAME = "Lion User";
			};
			buildConfigurationList = CE5717861785A85000F6C592 /* Build configuration list for PBXProject "DVDMapToolFinal" */;
			compatibilityVersion = "Xcode 3.2";
			developmentRegion = English;
			hasScannedForEncodings = 0;
			knownRegions = (
				en,
			);
			mainGroup = CE5717811785A85000F6C592;
			productRefGroup = CE57178D1785A85000F6C592 /* Products */;
			projectDirPath = "";
			projectRoot = "";
			targets = (
				CE57178B1785A85000F6C592 /* DVDMapToolFinal */,
			);
		};
/* End PBXProject section */

/* Begin PBXResourcesBuildPhase section */
		CE57178A1785A85000F6C592 /* Resources */ = {
			isa = PBXResourcesBuildPhase;
			buildActionMask = 2147483647;
			files = (
				CE57179D1785A85100F6C592 /* InfoPlist.strings in Resources */,
				CE5717A51785A85100F6C592 /* Default.png in Resources */,
				CE5717A71785A85100F6C592 /* Default@2x.png in Resources */,
				CE5717A91785A85100F6C592 /* Default-568h@2x.png in Resources */,
				CE5717B91785A9D100F6C592 /* MainStoryboard.storyboard in Resources */,
				CED1EAFD1787329B00A9A7AF /* MapStoryboard_iPhone.storyboard in Resources */,
				CED1EB071787341C00A9A7AF /* 055759_2012-07-20_09-40_.png in Resources */,
				CED1EB091787349800A9A7AF /* MapStoryboard_iPad.storyboard in Resources */,
				CED1EB2E178750FE00A9A7AF /* CustomCell.xib in Resources */,
				CE12F2CE17883A46004AEC4F /* map.png in Resources */,
				CE12F2D117883BEC004AEC4F /* 055759_2012-07-20_09-40_.csv in Resources */,
			);
			runOnlyForDeploymentPostprocessing = 0;
		};
/* End PBXResourcesBuildPhase section */

/* Begin PBXSourcesBuildPhase section */
		CE5717881785A85000F6C592 /* Sources */ = {
			isa = PBXSourcesBuildPhase;
			buildActionMask = 2147483647;
			files = (
				CE57179F1785A85100F6C592 /* main.m in Sources */,
				CE5717A31785A85100F6C592 /* AppDelegate.m in Sources */,
				CE5717AC1785A85100F6C592 /* DVDMapToolFinal.xcdatamodeld in Sources */,
				CE5717C01785AA5700F6C592 /* StartViewController.m in Sources */,
				CED1EB01178732C900A9A7AF /* AreaOfMapViewController.m in Sources */,
				CED1EB2D178750FE00A9A7AF /* CustomCell.m in Sources */,
				CE12F2E0178870BA004AEC4F /* Street.m in Sources */,
			);
			runOnlyForDeploymentPostprocessing = 0;
		};
/* End PBXSourcesBuildPhase section */

/* Begin PBXVariantGroup section */
		CE57179B1785A85100F6C592 /* InfoPlist.strings */ = {
			isa = PBXVariantGroup;
			children = (
				CE57179C1785A85100F6C592 /* en */,
			);
			name = InfoPlist.strings;
			sourceTree = "<group>";
		};
/* End PBXVariantGroup section */

/* Begin XCBuildConfiguration section */
		CE5717AD1785A85100F6C592 /* Debug */ = {
			isa = XCBuildConfiguration;
			buildSettings = {
				ALWAYS_SEARCH_USER_PATHS = NO;
				CLANG_CXX_LANGUAGE_STANDARD = "gnu++0x";
				CLANG_CXX_LIBRARY = "libc++";
				CLANG_ENABLE_OBJC_ARC = YES;
				CLANG_WARN_EMPTY_BODY = YES;
				CLANG_WARN__DUPLICATE_METHOD_MATCH = YES;
				"CODE_SIGN_IDENTITY[sdk=iphoneos*]" = "iPhone Developer";
				COPY_PHASE_STRIP = NO;
				GCC_C_LANGUAGE_STANDARD = gnu99;
				GCC_DYNAMIC_NO_PIC = NO;
				GCC_OPTIMIZATION_LEVEL = 0;
				GCC_PREPROCESSOR_DEFINITIONS = (
					"DEBUG=1",
					"$(inherited)",
				);
				GCC_SYMBOLS_PRIVATE_EXTERN = NO;
				GCC_WARN_ABOUT_RETURN_TYPE = YES;
				GCC_WARN_UNINITIALIZED_AUTOS = YES;
				GCC_WARN_UNUSED_VARIABLE = YES;
				IPHONEOS_DEPLOYMENT_TARGET = 6.0;
				ONLY_ACTIVE_ARCH = YES;
				SDKROOT = iphoneos;
				TARGETED_DEVICE_FAMILY = "1,2";
			};
			name = Debug;
		};
		CE5717AE1785A85100F6C592 /* Release */ = {
			isa = XCBuildConfiguration;
			buildSettings = {
				ALWAYS_SEARCH_USER_PATHS = NO;
				CLANG_CXX_LANGUAGE_STANDARD = "gnu++0x";
				CLANG_CXX_LIBRARY = "libc++";
				CLANG_ENABLE_OBJC_ARC = YES;
				CLANG_WARN_EMPTY_BODY = YES;
				CLANG_WARN__DUPLICATE_METHOD_MATCH = YES;
				"CODE_SIGN_IDENTITY[sdk=iphoneos*]" = "iPhone Developer";
				COPY_PHASE_STRIP = YES;
				GCC_C_LANGUAGE_STANDARD = gnu99;
				GCC_WARN_ABOUT_RETURN_TYPE = YES;
				GCC_WARN_UNINITIALIZED_AUTOS = YES;
				GCC_WARN_UNUSED_VARIABLE = YES;
				IPHONEOS_DEPLOYMENT_TARGET = 6.0;
				OTHER_CFLAGS = "-DNS_BLOCK_ASSERTIONS=1";
				SDKROOT = iphoneos;
				TARGETED_DEVICE_FAMILY = "1,2";
				VALIDATE_PRODUCT = YES;
			};
			name = Release;
		};
		CE5717B01785A85100F6C592 /* Debug */ = {
			isa = XCBuildConfiguration;
			buildSettings = {
				CODE_SIGN_ENTITLEMENTS = DVDMapToolFinal/DVDMapToolFinal.entitlements;
				GCC_PRECOMPILE_PREFIX_HEADER = YES;
				GCC_PREFIX_HEADER = "DVDMapToolFinal/DVDMapToolFinal-Prefix.pch";
				INFOPLIST_FILE = "DVDMapToolFinal/DVDMapToolFinal-Info.plist";
				PRODUCT_NAME = "$(TARGET_NAME)";
				WRAPPER_EXTENSION = app;
			};
			name = Debug;
		};
		CE5717B11785A85100F6C592 /* Release */ = {
			isa = XCBuildConfiguration;
			buildSettings = {
				CODE_SIGN_ENTITLEMENTS = DVDMapToolFinal/DVDMapToolFinal.entitlements;
				GCC_PRECOMPILE_PREFIX_HEADER = YES;
				GCC_PREFIX_HEADER = "DVDMapToolFinal/DVDMapToolFinal-Prefix.pch";
				INFOPLIST_FILE = "DVDMapToolFinal/DVDMapToolFinal-Info.plist";
				PRODUCT_NAME = "$(TARGET_NAME)";
				WRAPPER_EXTENSION = app;
			};
			name = Release;
		};
/* End XCBuildConfiguration section */

/* Begin XCConfigurationList section */
		CE5717861785A85000F6C592 /* Build configuration list for PBXProject "DVDMapToolFinal" */ = {
			isa = XCConfigurationList;
			buildConfigurations = (
				CE5717AD1785A85100F6C592 /* Debug */,
				CE5717AE1785A85100F6C592 /* Release */,
			);
			defaultConfigurationIsVisible = 0;
			defaultConfigurationName = Release;
		};
		CE5717AF1785A85100F6C592 /* Build configuration list for PBXNativeTarget "DVDMapToolFinal" */ = {
			isa = XCConfigurationList;
			buildConfigurations = (
				CE5717B01785A85100F6C592 /* Debug */,
				CE5717B11785A85100F6C592 /* Release */,
			);
			defaultConfigurationIsVisible = 0;
			defaultConfigurationName = Release;
		};
/* End XCConfigurationList section */

/* Begin XCVersionGroup section */
		CE5717AA1785A85100F6C592 /* DVDMapToolFinal.xcdatamodeld */ = {
			isa = XCVersionGroup;
			children = (
				CE5717AB1785A85100F6C592 /* DVDMapToolFinal.xcdatamodel */,
			);
			currentVersion = CE5717AB1785A85100F6C592 /* DVDMapToolFinal.xcdatamodel */;
			path = DVDMapToolFinal.xcdatamodeld;
			sourceTree = "<group>";
			versionGroupType = wrapper.xcdatamodel;
		};
/* End XCVersionGroup section */
	};
	rootObject = CE5717831785A85000F6C592 /* Project object */;
}
